Microsoft Visual Studio Solution File, Format Version 12.00
# Visual Studio Version 17
VisualStudioVersion = 17.1.31824.51
MinimumVisualStudioVersion = 10.0.40219.1
Project("{9A19103F-16F7-4668-BE54-9A1E7A4F7556}") = "Flutter", "src\Flutter\Flutter.csproj", "{1EE09805-24DB-4831-8754-EF87F5152380}"
EndProject
Project("{2150E333-8FDC-42A3-9474-1A3956D46DE8}") = "Sample", "Sample", "{7562C17F-435F-4241-8A0E-5A43203E2DEE}"
EndProject
Project("{9A19103F-16F7-4668-BE54-9A1E7A4F7556}") = "FlutterSharp.Tests", "src\FlutterSharp.Tests\FlutterSharp.Tests.csproj", "{CE94CE7F-ED6D-4D09-98E9-A9C5463D6F9A}"
EndProject
Project("{9A19103F-16F7-4668-BE54-9A1E7A4F7556}") = "FlutterSample", "Sample\FlutterSample\FlutterSample.csproj", "{F84B08BF-A7B4-4357-B9CD-01F53DC4787C}"
EndProject
Project("{2150E333-8FDC-42A3-9474-1A3956D46DE8}") = "Solution", "Solution", "{908AF573-5A1E-4977-BC38-368331E6A4E8}"
	ProjectSection(SolutionItems) = preProject
		.editorconfig = .editorconfig
	EndProjectSection
EndProject
Global
	GlobalSection(SolutionConfigurationPlatforms) = preSolution
		Debug|Any CPU = Debug|Any CPU
		Debug|iPhone = Debug|iPhone
		Debug|iPhoneSimulator = Debug|iPhoneSimulator
		Release|Any CPU = Release|Any CPU
		Release|iPhone = Release|iPhone
		Release|iPhoneSimulator = Release|iPhoneSimulator
	EndGlobalSection
	GlobalSection(ProjectConfigurationPlatforms) = postSolution
		{1EE09805-24DB-4831-8754-EF87F5152380}.Debug|Any CPU.ActiveCfg = Debug|Any CPU
		{1EE09805-24DB-4831-8754-EF87F5152380}.Debug|Any CPU.Build.0 = Debug|Any CPU
		{1EE09805-24DB-4831-8754-EF87F5152380}.Debug|iPhone.ActiveCfg = Debug|Any CPU
		{1EE09805-24DB-4831-8754-EF87F5152380}.Debug|iPhone.Build.0 = Debug|Any CPU
		{1EE09805-24DB-4831-8754-EF87F5152380}.Debug|iPhoneSimulator.ActiveCfg = Debug|Any CPU
		{1EE09805-24DB-4831-8754-EF87F5152380}.Debug|iPhoneSimulator.Build.0 = Debug|Any CPU
		{1EE09805-24DB-4831-8754-EF87F5152380}.Release|Any CPU.ActiveCfg = Release|Any CPU
		{1EE09805-24DB-4831-8754-EF87F5152380}.Release|Any CPU.Build.0 = Release|Any CPU
		{1EE09805-24DB-4831-8754-EF87F5152380}.Release|iPhone.ActiveCfg = Release|Any CPU
		{1EE09805-24DB-4831-8754-EF87F5152380}.Release|iPhone.Build.0 = Release|Any CPU
		{1EE09805-24DB-4831-8754-EF87F5152380}.Release|iPhoneSimulator.ActiveCfg = Release|Any CPU
		{1EE09805-24DB-4831-8754-EF87F5152380}.Release|iPhoneSimulator.Build.0 = Release|Any CPU
		{CE94CE7F-ED6D-4D09-98E9-A9C5463D6F9A}.Debug|Any CPU.ActiveCfg = Debug|Any CPU
		{CE94CE7F-ED6D-4D09-98E9-A9C5463D6F9A}.Debug|Any CPU.Build.0 = Debug|Any CPU
		{CE94CE7F-ED6D-4D09-98E9-A9C5463D6F9A}.Debug|iPhone.ActiveCfg = Debug|Any CPU
		{CE94CE7F-ED6D-4D09-98E9-A9C5463D6F9A}.Debug|iPhone.Build.0 = Debug|Any CPU
		{CE94CE7F-ED6D-4D09-98E9-A9C5463D6F9A}.Debug|iPhoneSimulator.ActiveCfg = Debug|Any CPU
		{CE94CE7F-ED6D-4D09-98E9-A9C5463D6F9A}.Debug|iPhoneSimulator.Build.0 = Debug|Any CPU
		{CE94CE7F-ED6D-4D09-98E9-A9C5463D6F9A}.Release|Any CPU.ActiveCfg = Release|Any CPU
		{CE94CE7F-ED6D-4D09-98E9-A9C5463D6F9A}.Release|Any CPU.Build.0 = Release|Any CPU
		{CE94CE7F-ED6D-4D09-98E9-A9C5463D6F9A}.Release|iPhone.ActiveCfg = Release|Any CPU
		{CE94CE7F-ED6D-4D09-98E9-A9C5463D6F9A}.Release|iPhone.Build.0 = Release|Any CPU
		{CE94CE7F-ED6D-4D09-98E9-A9C5463D6F9A}.Release|iPhoneSimulator.ActiveCfg = Release|Any CPU
		{CE94CE7F-ED6D-4D09-98E9-A9C5463D6F9A}.Release|iPhoneSimulator.Build.0 = Release|Any CPU
		{F84B08BF-A7B4-4357-B9CD-01F53DC4787C}.Debug|Any CPU.ActiveCfg = Debug|Any CPU
		{F84B08BF-A7B4-4357-B9CD-01F53DC4787C}.Debug|Any CPU.Build.0 = Debug|Any CPU
		{F84B08BF-A7B4-4357-B9CD-01F53DC4787C}.Debug|Any CPU.Deploy.0 = Debug|Any CPU
		{F84B08BF-A7B4-4357-B9CD-01F53DC4787C}.Debug|iPhone.ActiveCfg = Debug|Any CPU
		{F84B08BF-A7B4-4357-B9CD-01F53DC4787C}.Debug|iPhone.Build.0 = Debug|Any CPU
		{F84B08BF-A7B4-4357-B9CD-01F53DC4787C}.Debug|iPhoneSimulator.ActiveCfg = Debug|Any CPU
		{F84B08BF-A7B4-4357-B9CD-01F53DC4787C}.Debug|iPhoneSimulator.Build.0 = Debug|Any CPU
		{F84B08BF-A7B4-4357-B9CD-01F53DC4787C}.Release|Any CPU.ActiveCfg = Release|Any CPU
		{F84B08BF-A7B4-4357-B9CD-01F53DC4787C}.Release|Any CPU.Build.0 = Release|Any CPU
		{F84B08BF-A7B4-4357-B9CD-01F53DC4787C}.Release|iPhone.ActiveCfg = Release|Any CPU
		{F84B08BF-A7B4-4357-B9CD-01F53DC4787C}.Release|iPhone.Build.0 = Release|Any CPU
		{F84B08BF-A7B4-4357-B9CD-01F53DC4787C}.Release|iPhoneSimulator.ActiveCfg = Release|Any CPU
		{F84B08BF-A7B4-4357-B9CD-01F53DC4787C}.Release|iPhoneSimulator.Build.0 = Release|Any CPU
	EndGlobalSection
	GlobalSection(SolutionProperties) = preSolution
		HideSolutionNode = FALSE
	EndGlobalSection
	GlobalSection(NestedProjects) = preSolution
		{F84B08BF-A7B4-4357-B9CD-01F53DC4787C} = {7562C17F-435F-4241-8A0E-5A43203E2DEE}
	EndGlobalSection
	GlobalSection(ExtensibilityGlobals) = postSolution
		SolutionGuid = {4BE8FBF5-93D7-45A3-87E5-8FC02A19141D}
	EndGlobalSection
EndGlobal
