PODS:
  - Http.swift (2.2.1):
    - Socket.swift (~> 2.3)
  - Socket.swift (2.4.0)

DEPENDENCIES:
  - Http.swift (~> 2.2.0)

SPEC REPOS:
  trunk:
    - Http.swift
    - Socket.swift

SPEC CHECKSUMS:
  Http.swift: b65e9385e0bb3a4ff6b3b80e2952a615e124ecbd
  Socket.swift: 4af9137d6b2d2dec00efd8b007704d0af3c3f27a

PODFILE CHECKSUM: ac9498f08f402e5c1e5458891930940366374639

COCOAPODS: 1.8.4
