
Microsoft Visual Studio Solution File, Format Version 12.00
# Visual Studio 15
Project("{FAE04EC0-301F-11D3-BF4B-00C04F79EFBC}") = "FlutterBindingiOS", "FlutterBindingiOS\FlutterBindingiOS.csproj", "{CCE1476B-4AFC-4B00-B3E7-B5F44D6C3DBC}"
EndProject
Project("{FAE04EC0-301F-11D3-BF4B-00C04F79EFBC}") = "FlutterTest.iOS", "FlutterTest.iOS\FlutterTest.iOS.csproj", "{CED6F861-0371-4530-99FE-1FD6C5A30FA2}"
EndProject
Project("{FAE04EC0-301F-11D3-BF4B-00C04F79EFBC}") = "Flutter", "Flutter\Flutter.csproj", "{1EE09805-24DB-4831-8754-EF87F5152380}"
EndProject
Project("{FAE04EC0-301F-11D3-BF4B-00C04F79EFBC}") = "FlutterBindingAndroid", "FlutterBindingAndroid\FlutterBindingAndroid.csproj", "{9022D625-2EB9-497A-A65F-E0C4634026EC}"
EndProject
Project("{FAE04EC0-301F-11D3-BF4B-00C04F79EFBC}") = "FlutterTest.Droid", "FlutterTest.Droid\FlutterTest.Droid.csproj", "{DDDD9A63-1DEC-4B73-8D0F-E3D536794036}"
EndProject
Project("{FAE04EC0-301F-11D3-BF4B-00C04F79EFBC}") = "FlutterTest", "FlutterTest\FlutterTest.csproj", "{BA45E29A-F32C-4E9C-BE61-88B4F40A8D46}"
EndProject
Global
	GlobalSection(SolutionConfigurationPlatforms) = preSolution
		Debug|Any CPU = Debug|Any CPU
		Release|Any CPU = Release|Any CPU
		Debug|iPhoneSimulator = Debug|iPhoneSimulator
		Release|iPhoneSimulator = Release|iPhoneSimulator
		Debug|iPhone = Debug|iPhone
		Release|iPhone = Release|iPhone
	EndGlobalSection
	GlobalSection(ProjectConfigurationPlatforms) = postSolution
		{CCE1476B-4AFC-4B00-B3E7-B5F44D6C3DBC}.Debug|Any CPU.ActiveCfg = Debug|Any CPU
		{CCE1476B-4AFC-4B00-B3E7-B5F44D6C3DBC}.Debug|Any CPU.Build.0 = Debug|Any CPU
		{CCE1476B-4AFC-4B00-B3E7-B5F44D6C3DBC}.Release|Any CPU.ActiveCfg = Release|Any CPU
		{CCE1476B-4AFC-4B00-B3E7-B5F44D6C3DBC}.Release|Any CPU.Build.0 = Release|Any CPU
		{CCE1476B-4AFC-4B00-B3E7-B5F44D6C3DBC}.Debug|iPhoneSimulator.ActiveCfg = Debug|Any CPU
		{CCE1476B-4AFC-4B00-B3E7-B5F44D6C3DBC}.Debug|iPhoneSimulator.Build.0 = Debug|Any CPU
		{CCE1476B-4AFC-4B00-B3E7-B5F44D6C3DBC}.Release|iPhoneSimulator.ActiveCfg = Release|Any CPU
		{CCE1476B-4AFC-4B00-B3E7-B5F44D6C3DBC}.Release|iPhoneSimulator.Build.0 = Release|Any CPU
		{CCE1476B-4AFC-4B00-B3E7-B5F44D6C3DBC}.Debug|iPhone.ActiveCfg = Debug|Any CPU
		{CCE1476B-4AFC-4B00-B3E7-B5F44D6C3DBC}.Debug|iPhone.Build.0 = Debug|Any CPU
		{CCE1476B-4AFC-4B00-B3E7-B5F44D6C3DBC}.Release|iPhone.ActiveCfg = Release|Any CPU
		{CCE1476B-4AFC-4B00-B3E7-B5F44D6C3DBC}.Release|iPhone.Build.0 = Release|Any CPU
		{CED6F861-0371-4530-99FE-1FD6C5A30FA2}.Debug|Any CPU.ActiveCfg = Debug|iPhoneSimulator
		{CED6F861-0371-4530-99FE-1FD6C5A30FA2}.Debug|Any CPU.Build.0 = Debug|iPhoneSimulator
		{CED6F861-0371-4530-99FE-1FD6C5A30FA2}.Release|Any CPU.ActiveCfg = Release|iPhoneSimulator
		{CED6F861-0371-4530-99FE-1FD6C5A30FA2}.Release|Any CPU.Build.0 = Release|iPhoneSimulator
		{CED6F861-0371-4530-99FE-1FD6C5A30FA2}.Debug|iPhoneSimulator.ActiveCfg = Debug|iPhoneSimulator
		{CED6F861-0371-4530-99FE-1FD6C5A30FA2}.Debug|iPhoneSimulator.Build.0 = Debug|iPhoneSimulator
		{CED6F861-0371-4530-99FE-1FD6C5A30FA2}.Release|iPhoneSimulator.ActiveCfg = Release|iPhoneSimulator
		{CED6F861-0371-4530-99FE-1FD6C5A30FA2}.Release|iPhoneSimulator.Build.0 = Release|iPhoneSimulator
		{CED6F861-0371-4530-99FE-1FD6C5A30FA2}.Debug|iPhone.ActiveCfg = Debug|iPhone
		{CED6F861-0371-4530-99FE-1FD6C5A30FA2}.Debug|iPhone.Build.0 = Debug|iPhone
		{CED6F861-0371-4530-99FE-1FD6C5A30FA2}.Release|iPhone.ActiveCfg = Release|iPhone
		{CED6F861-0371-4530-99FE-1FD6C5A30FA2}.Release|iPhone.Build.0 = Release|iPhone
		{1EE09805-24DB-4831-8754-EF87F5152380}.Debug|Any CPU.ActiveCfg = Debug|Any CPU
		{1EE09805-24DB-4831-8754-EF87F5152380}.Debug|Any CPU.Build.0 = Debug|Any CPU
		{1EE09805-24DB-4831-8754-EF87F5152380}.Release|Any CPU.ActiveCfg = Release|Any CPU
		{1EE09805-24DB-4831-8754-EF87F5152380}.Release|Any CPU.Build.0 = Release|Any CPU
		{1EE09805-24DB-4831-8754-EF87F5152380}.Debug|iPhoneSimulator.ActiveCfg = Debug|Any CPU
		{1EE09805-24DB-4831-8754-EF87F5152380}.Debug|iPhoneSimulator.Build.0 = Debug|Any CPU
		{1EE09805-24DB-4831-8754-EF87F5152380}.Release|iPhoneSimulator.ActiveCfg = Release|Any CPU
		{1EE09805-24DB-4831-8754-EF87F5152380}.Release|iPhoneSimulator.Build.0 = Release|Any CPU
		{1EE09805-24DB-4831-8754-EF87F5152380}.Debug|iPhone.ActiveCfg = Debug|Any CPU
		{1EE09805-24DB-4831-8754-EF87F5152380}.Debug|iPhone.Build.0 = Debug|Any CPU
		{1EE09805-24DB-4831-8754-EF87F5152380}.Release|iPhone.ActiveCfg = Release|Any CPU
		{1EE09805-24DB-4831-8754-EF87F5152380}.Release|iPhone.Build.0 = Release|Any CPU
		{9022D625-2EB9-497A-A65F-E0C4634026EC}.Debug|Any CPU.ActiveCfg = Debug|Any CPU
		{9022D625-2EB9-497A-A65F-E0C4634026EC}.Debug|Any CPU.Build.0 = Debug|Any CPU
		{9022D625-2EB9-497A-A65F-E0C4634026EC}.Release|Any CPU.ActiveCfg = Release|Any CPU
		{9022D625-2EB9-497A-A65F-E0C4634026EC}.Release|Any CPU.Build.0 = Release|Any CPU
		{9022D625-2EB9-497A-A65F-E0C4634026EC}.Debug|iPhoneSimulator.ActiveCfg = Debug|Any CPU
		{9022D625-2EB9-497A-A65F-E0C4634026EC}.Debug|iPhoneSimulator.Build.0 = Debug|Any CPU
		{9022D625-2EB9-497A-A65F-E0C4634026EC}.Release|iPhoneSimulator.ActiveCfg = Release|Any CPU
		{9022D625-2EB9-497A-A65F-E0C4634026EC}.Release|iPhoneSimulator.Build.0 = Release|Any CPU
		{9022D625-2EB9-497A-A65F-E0C4634026EC}.Debug|iPhone.ActiveCfg = Debug|Any CPU
		{9022D625-2EB9-497A-A65F-E0C4634026EC}.Debug|iPhone.Build.0 = Debug|Any CPU
		{9022D625-2EB9-497A-A65F-E0C4634026EC}.Release|iPhone.ActiveCfg = Release|Any CPU
		{9022D625-2EB9-497A-A65F-E0C4634026EC}.Release|iPhone.Build.0 = Release|Any CPU
		{DDDD9A63-1DEC-4B73-8D0F-E3D536794036}.Debug|Any CPU.ActiveCfg = Debug|Any CPU
		{DDDD9A63-1DEC-4B73-8D0F-E3D536794036}.Debug|Any CPU.Build.0 = Debug|Any CPU
		{DDDD9A63-1DEC-4B73-8D0F-E3D536794036}.Release|Any CPU.ActiveCfg = Release|Any CPU
		{DDDD9A63-1DEC-4B73-8D0F-E3D536794036}.Release|Any CPU.Build.0 = Release|Any CPU
		{DDDD9A63-1DEC-4B73-8D0F-E3D536794036}.Debug|iPhoneSimulator.ActiveCfg = Debug|Any CPU
		{DDDD9A63-1DEC-4B73-8D0F-E3D536794036}.Debug|iPhoneSimulator.Build.0 = Debug|Any CPU
		{DDDD9A63-1DEC-4B73-8D0F-E3D536794036}.Release|iPhoneSimulator.ActiveCfg = Release|Any CPU
		{DDDD9A63-1DEC-4B73-8D0F-E3D536794036}.Release|iPhoneSimulator.Build.0 = Release|Any CPU
		{DDDD9A63-1DEC-4B73-8D0F-E3D536794036}.Debug|iPhone.ActiveCfg = Debug|Any CPU
		{DDDD9A63-1DEC-4B73-8D0F-E3D536794036}.Debug|iPhone.Build.0 = Debug|Any CPU
		{DDDD9A63-1DEC-4B73-8D0F-E3D536794036}.Release|iPhone.ActiveCfg = Release|Any CPU
		{DDDD9A63-1DEC-4B73-8D0F-E3D536794036}.Release|iPhone.Build.0 = Release|Any CPU
		{BA45E29A-F32C-4E9C-BE61-88B4F40A8D46}.Debug|Any CPU.ActiveCfg = Debug|Any CPU
		{BA45E29A-F32C-4E9C-BE61-88B4F40A8D46}.Debug|Any CPU.Build.0 = Debug|Any CPU
		{BA45E29A-F32C-4E9C-BE61-88B4F40A8D46}.Release|Any CPU.ActiveCfg = Release|Any CPU
		{BA45E29A-F32C-4E9C-BE61-88B4F40A8D46}.Release|Any CPU.Build.0 = Release|Any CPU
		{BA45E29A-F32C-4E9C-BE61-88B4F40A8D46}.Debug|iPhoneSimulator.ActiveCfg = Debug|Any CPU
		{BA45E29A-F32C-4E9C-BE61-88B4F40A8D46}.Debug|iPhoneSimulator.Build.0 = Debug|Any CPU
		{BA45E29A-F32C-4E9C-BE61-88B4F40A8D46}.Release|iPhoneSimulator.ActiveCfg = Release|Any CPU
		{BA45E29A-F32C-4E9C-BE61-88B4F40A8D46}.Release|iPhoneSimulator.Build.0 = Release|Any CPU
		{BA45E29A-F32C-4E9C-BE61-88B4F40A8D46}.Debug|iPhone.ActiveCfg = Debug|Any CPU
		{BA45E29A-F32C-4E9C-BE61-88B4F40A8D46}.Debug|iPhone.Build.0 = Debug|Any CPU
		{BA45E29A-F32C-4E9C-BE61-88B4F40A8D46}.Release|iPhone.ActiveCfg = Release|Any CPU
		{BA45E29A-F32C-4E9C-BE61-88B4F40A8D46}.Release|iPhone.Build.0 = Release|Any CPU
	EndGlobalSection
EndGlobal
